github.com/MateusFrFreitas/go-math v1.0.1 h1:0/tGlTzHGrw6iYMG3PqjmNhWIQoYzSIae2eWAhQVszU=
github.com/MateusFrFreitas/go-math v1.0.1/go.mod h1:ZkKIddCObjAb/ZHvxj0DRqL+jPI3vwmpnivsUXOasDo=
github.com/MateusFrFreitas/go-math v1.1.0 h1:yOsgDkj5eRgu83jNVqEajicuF6AEZ3xmUyJdwdiW3wI=
github.com/MateusFrFreitas/go-math v1.1.0/go.mod h1:ZkKIddCObjAb/ZHvxj0DRqL+jPI3vwmpnivsUXOasDo=
github.com/MateusFrFreitas/go-math/v2 v2.0.0 h1:UEsoLKKqH6Y0peJceSyQ/pfs5+6ok0amor8XMefzHcI=
github.com/MateusFrFreitas/go-math/v2 v2.0.0/go.mod h1:GGYIcCphkeuI6XJIGnkcwkWts+g0i00oGy56GAbMIII=
